
Microsoft Visual Studio Solution File, Format Version 12.00
# Visual Studio Version 16
VisualStudioVersion = 16.0.29409.12
MinimumVisualStudioVersion = 10.0.40219.1
Project("{FAE04EC0-301F-11D3-BF4B-00C04F79EFBC}") = "DevCon19.Web", "DevCon19.Web\DevCon19.Web.csproj", "{9D0AD3D9-E736-4CA1-A647-AA99B95AA09B}"
EndProject
Project("{FAE04EC0-301F-11D3-BF4B-00C04F79EFBC}") = "DevCon19.Functions", "DevCon19.Functions\DevCon19.Functions.csproj", "{6BF7307A-931A-404C-96CA-C59385C97F56}"
EndProject
Global
	GlobalSection(SolutionConfigurationPlatforms) = preSolution
		Debug|Any CPU = Debug|Any CPU
		Release|Any CPU = Release|Any CPU
	EndGlobalSection
	GlobalSection(ProjectConfigurationPlatforms) = postSolution
		{9D0AD3D9-E736-4CA1-A647-AA99B95AA09B}.Debug|Any CPU.ActiveCfg = Debug|Any CPU
		{9D0AD3D9-E736-4CA1-A647-AA99B95AA09B}.Debug|Any CPU.Build.0 = Debug|Any CPU
		{9D0AD3D9-E736-4CA1-A647-AA99B95AA09B}.Release|Any CPU.ActiveCfg = Release|Any CPU
		{9D0AD3D9-E736-4CA1-A647-AA99B95AA09B}.Release|Any CPU.Build.0 = Release|Any CPU
		{6BF7307A-931A-404C-96CA-C59385C97F56}.Debug|Any CPU.ActiveCfg = Debug|Any CPU
		{6BF7307A-931A-404C-96CA-C59385C97F56}.Debug|Any CPU.Build.0 = Debug|Any CPU
		{6BF7307A-931A-404C-96CA-C59385C97F56}.Release|Any CPU.ActiveCfg = Release|Any CPU
		{6BF7307A-931A-404C-96CA-C59385C97F56}.Release|Any CPU.Build.0 = Release|Any CPU
	EndGlobalSection
	GlobalSection(SolutionProperties) = preSolution
		HideSolutionNode = FALSE
	EndGlobalSection
	GlobalSection(ExtensibilityGlobals) = postSolution
		SolutionGuid = {FC455194-A36B-4FA8-9522-C965A81572D1}
	EndGlobalSection
EndGlobal
